
Microsoft Visual Studio Solution File, Format Version 12.00
# Visual Studio Version 17
VisualStudioVersion = 17.5.33530.505
MinimumVisualStudioVersion = 10.0.40219.1
Project("{FAE04EC0-301F-11D3-BF4B-00C04F79EFBC}") = "PD_App", "PD_App\PD_App.csproj", "{D11BB6C3-FDBC-4EBA-9BDD-14677E48B439}"
EndProject
Global
	GlobalSection(SolutionConfigurationPlatforms) = preSolution
		Debug|Any CPU = Debug|Any CPU
		Release|Any CPU = Release|Any CPU
	EndGlobalSection
	GlobalSection(ProjectConfigurationPlatforms) = postSolution
		{D11BB6C3-FDBC-4EBA-9BDD-14677E48B439}.Debug|Any CPU.ActiveCfg = Debug|Any CPU
		{D11BB6C3-FDBC-4EBA-9BDD-14677E48B439}.Debug|Any CPU.Build.0 = Debug|Any CPU
		{D11BB6C3-FDBC-4EBA-9BDD-14677E48B439}.Release|Any CPU.ActiveCfg = Release|Any CPU
		{D11BB6C3-FDBC-4EBA-9BDD-14677E48B439}.Release|Any CPU.Build.0 = Release|Any CPU
	EndGlobalSection
	GlobalSection(SolutionProperties) = preSolution
		HideSolutionNode = FALSE
	EndGlobalSection
	GlobalSection(ExtensibilityGlobals) = postSolution
		SolutionGuid = {0D0E17D5-F27F-4225-BFB2-BBA0F506B1C9}
	EndGlobalSection
EndGlobal
